
Microsoft Visual Studio Solution File, Format Version 12.00
# Visual Studio 2012
Project("{FAE04EC0-301F-11D3-BF4B-00C04F79EFBC}") = "CatcherGame", "CatcherGame\CatcherGame\CatcherGame.csproj", "{C367268A-5C09-4CB7-92A0-76D0B3D6D23F}"
EndProject
Project("{96E2B04D-8817-42C6-938A-82C39BA4D311}") = "CatcherGameContent", "CatcherGame\CatcherGameContent\CatcherGameContent.contentproj", "{19E05277-BB0E-40D8-BE60-D0C46AB491B8}"
EndProject
Global
	GlobalSection(SolutionConfigurationPlatforms) = preSolution
		Debug|Windows Phone = Debug|Windows Phone
		Release|Windows Phone = Release|Windows Phone
	EndGlobalSection
	GlobalSection(ProjectConfigurationPlatforms) = postSolution
		{C367268A-5C09-4CB7-92A0-76D0B3D6D23F}.Debug|Windows Phone.ActiveCfg = Debug|Windows Phone
		{C367268A-5C09-4CB7-92A0-76D0B3D6D23F}.Debug|Windows Phone.Build.0 = Debug|Windows Phone
		{C367268A-5C09-4CB7-92A0-76D0B3D6D23F}.Debug|Windows Phone.Deploy.0 = Debug|Windows Phone
		{C367268A-5C09-4CB7-92A0-76D0B3D6D23F}.Release|Windows Phone.ActiveCfg = Release|Windows Phone
		{C367268A-5C09-4CB7-92A0-76D0B3D6D23F}.Release|Windows Phone.Build.0 = Release|Windows Phone
		{C367268A-5C09-4CB7-92A0-76D0B3D6D23F}.Release|Windows Phone.Deploy.0 = Release|Windows Phone
		{19E05277-BB0E-40D8-BE60-D0C46AB491B8}.Debug|Windows Phone.ActiveCfg = Debug|Windows Phone
		{19E05277-BB0E-40D8-BE60-D0C46AB491B8}.Release|Windows Phone.ActiveCfg = Release|Windows Phone
	EndGlobalSection
	GlobalSection(SolutionProperties) = preSolution
		HideSolutionNode = FALSE
	EndGlobalSection
EndGlobal
